
Microsoft Visual Studio Solution File, Format Version 12.00
# Visual Studio Version 17
VisualStudioVersion = 17.9.34902.65
MinimumVisualStudioVersion = 10.0.40219.1
Project("{FAE04EC0-301F-11D3-BF4B-00C04F79EFBC}") = "RepositoryPatternWithUOW.Api", "RepositoryPatternWithUOW.Api\RepositoryPatternWithUOW.Api.csproj", "{FC4A2A7D-04C9-4B9A-815A-6BCB76BC2579}"
EndProject
Project("{FAE04EC0-301F-11D3-BF4B-00C04F79EFBC}") = "RepositoryPatternWithUOW.Core", "RepositoryPatternWithUOW.Core\RepositoryPatternWithUOW.Core.csproj", "{FC681AB8-F1B5-46B6-8FF7-013ACF298ECD}"
EndProject
Project("{FAE04EC0-301F-11D3-BF4B-00C04F79EFBC}") = "RepositoryPatternWithUOW.EF", "RepositoryPatternWithUOW.EF\RepositoryPatternWithUOW.EF.csproj", "{1A00D42F-CAC5-43D9-B193-748DB6AEB27B}"
EndProject
Global
	GlobalSection(SolutionConfigurationPlatforms) = preSolution
		Debug|Any CPU = Debug|Any CPU
		Release|Any CPU = Release|Any CPU
	EndGlobalSection
	GlobalSection(ProjectConfigurationPlatforms) = postSolution
		{FC4A2A7D-04C9-4B9A-815A-6BCB76BC2579}.Debug|Any CPU.ActiveCfg = Debug|Any CPU
		{FC4A2A7D-04C9-4B9A-815A-6BCB76BC2579}.Debug|Any CPU.Build.0 = Debug|Any CPU
		{FC4A2A7D-04C9-4B9A-815A-6BCB76BC2579}.Release|Any CPU.ActiveCfg = Release|Any CPU
		{FC4A2A7D-04C9-4B9A-815A-6BCB76BC2579}.Release|Any CPU.Build.0 = Release|Any CPU
		{FC681AB8-F1B5-46B6-8FF7-013ACF298ECD}.Debug|Any CPU.ActiveCfg = Debug|Any CPU
		{FC681AB8-F1B5-46B6-8FF7-013ACF298ECD}.Debug|Any CPU.Build.0 = Debug|Any CPU
		{FC681AB8-F1B5-46B6-8FF7-013ACF298ECD}.Release|Any CPU.ActiveCfg = Release|Any CPU
		{FC681AB8-F1B5-46B6-8FF7-013ACF298ECD}.Release|Any CPU.Build.0 = Release|Any CPU
		{1A00D42F-CAC5-43D9-B193-748DB6AEB27B}.Debug|Any CPU.ActiveCfg = Debug|Any CPU
		{1A00D42F-CAC5-43D9-B193-748DB6AEB27B}.Debug|Any CPU.Build.0 = Debug|Any CPU
		{1A00D42F-CAC5-43D9-B193-748DB6AEB27B}.Release|Any CPU.ActiveCfg = Release|Any CPU
		{1A00D42F-CAC5-43D9-B193-748DB6AEB27B}.Release|Any CPU.Build.0 = Release|Any CPU
	EndGlobalSection
	GlobalSection(SolutionProperties) = preSolution
		HideSolutionNode = FALSE
	EndGlobalSection
	GlobalSection(ExtensibilityGlobals) = postSolution
		SolutionGuid = {7B4E04AB-0026-4962-86F5-4A4317164880}
	EndGlobalSection
EndGlobal
